
Microsoft Visual Studio Solution File, Format Version 12.00
# Visual Studio Version 17
VisualStudioVersion = 17.11.35303.130
MinimumVisualStudioVersion = 10.0.40219.1
Project("{FAE04EC0-301F-11D3-BF4B-00C04F79EFBC}") = "Day2", "Day2\Day2.csproj", "{80804E43-A527-4A5D-9635-EDDD7B153138}"
EndProject
Global
	GlobalSection(SolutionConfigurationPlatforms) = preSolution
		Debug|Any CPU = Debug|Any CPU
		Release|Any CPU = Release|Any CPU
	EndGlobalSection
	GlobalSection(ProjectConfigurationPlatforms) = postSolution
		{80804E43-A527-4A5D-9635-EDDD7B153138}.Debug|Any CPU.ActiveCfg = Debug|Any CPU
		{80804E43-A527-4A5D-9635-EDDD7B153138}.Debug|Any CPU.Build.0 = Debug|Any CPU
		{80804E43-A527-4A5D-9635-EDDD7B153138}.Release|Any CPU.ActiveCfg = Release|Any CPU
		{80804E43-A527-4A5D-9635-EDDD7B153138}.Release|Any CPU.Build.0 = Release|Any CPU
	EndGlobalSection
	GlobalSection(SolutionProperties) = preSolution
		HideSolutionNode = FALSE
	EndGlobalSection
	GlobalSection(ExtensibilityGlobals) = postSolution
		SolutionGuid = {BE456ABF-96B3-4DEE-BF9B-A678FE78B9E7}
	EndGlobalSection
EndGlobal
